
Microsoft Visual Studio Solution File, Format Version 12.00
# Visual Studio Version 17
VisualStudioVersion = 17.9.34616.47
MinimumVisualStudioVersion = 10.0.40219.1
Project("{FAE04EC0-301F-11D3-BF4B-00C04F79EFBC}") = "GenerateCheckboxSample", "GenerateCheckboxSample.csproj", "{1FC6CCCD-36EC-4D30-9AD0-69A0004D594A}"
EndProject
Global
	GlobalSection(SolutionConfigurationPlatforms) = preSolution
		Debug|Any CPU = Debug|Any CPU
		Release|Any CPU = Release|Any CPU
	EndGlobalSection
	GlobalSection(ProjectConfigurationPlatforms) = postSolution
		{1FC6CCCD-36EC-4D30-9AD0-69A0004D594A}.Debug|Any CPU.ActiveCfg = Debug|Any CPU
		{1FC6CCCD-36EC-4D30-9AD0-69A0004D594A}.Debug|Any CPU.Build.0 = Debug|Any CPU
		{1FC6CCCD-36EC-4D30-9AD0-69A0004D594A}.Release|Any CPU.ActiveCfg = Release|Any CPU
		{1FC6CCCD-36EC-4D30-9AD0-69A0004D594A}.Release|Any CPU.Build.0 = Release|Any CPU
	EndGlobalSection
	GlobalSection(SolutionProperties) = preSolution
		HideSolutionNode = FALSE
	EndGlobalSection
	GlobalSection(ExtensibilityGlobals) = postSolution
		SolutionGuid = {D80846B2-49CE-466D-B660-C8EA4C5EB517}
	EndGlobalSection
EndGlobal
